
Microsoft Visual Studio Solution File, Format Version 12.00
# Visual Studio Version 16
VisualStudioVersion = 16.0.33801.447
MinimumVisualStudioVersion = 10.0.40219.1
Project("{FAE04EC0-301F-11D3-BF4B-00C04F79EFBC}") = "wafer", "wafer\wafer.csproj", "{76333614-FC8C-4982-8EB6-90AA28698E0E}"
EndProject
Project("{FAE04EC0-301F-11D3-BF4B-00C04F79EFBC}") = "WaferLinLib", "WaferLinLib\WaferLinLib.csproj", "{CDFC7130-B3EC-4B89-89CD-637F595D8FD6}"
EndProject
Project("{FAE04EC0-301F-11D3-BF4B-00C04F79EFBC}") = "WaferLinControlLib", "WaferLinControlLib\WaferLinControlLib.csproj", "{2C767F1B-CA8F-4CE7-8B91-31CC8F10991C}"
EndProject
Global
	GlobalSection(SolutionConfigurationPlatforms) = preSolution
		Debug|Any CPU = Debug|Any CPU
		Release|Any CPU = Release|Any CPU
	EndGlobalSection
	GlobalSection(ProjectConfigurationPlatforms) = postSolution
		{76333614-FC8C-4982-8EB6-90AA28698E0E}.Debug|Any CPU.ActiveCfg = Debug|Any CPU
		{76333614-FC8C-4982-8EB6-90AA28698E0E}.Debug|Any CPU.Build.0 = Debug|Any CPU
		{76333614-FC8C-4982-8EB6-90AA28698E0E}.Release|Any CPU.ActiveCfg = Release|Any CPU
		{76333614-FC8C-4982-8EB6-90AA28698E0E}.Release|Any CPU.Build.0 = Release|Any CPU
		{CDFC7130-B3EC-4B89-89CD-637F595D8FD6}.Debug|Any CPU.ActiveCfg = Debug|Any CPU
		{CDFC7130-B3EC-4B89-89CD-637F595D8FD6}.Debug|Any CPU.Build.0 = Debug|Any CPU
		{CDFC7130-B3EC-4B89-89CD-637F595D8FD6}.Release|Any CPU.ActiveCfg = Release|Any CPU
		{CDFC7130-B3EC-4B89-89CD-637F595D8FD6}.Release|Any CPU.Build.0 = Release|Any CPU
		{2C767F1B-CA8F-4CE7-8B91-31CC8F10991C}.Debug|Any CPU.ActiveCfg = Debug|Any CPU
		{2C767F1B-CA8F-4CE7-8B91-31CC8F10991C}.Debug|Any CPU.Build.0 = Debug|Any CPU
		{2C767F1B-CA8F-4CE7-8B91-31CC8F10991C}.Release|Any CPU.ActiveCfg = Release|Any CPU
		{2C767F1B-CA8F-4CE7-8B91-31CC8F10991C}.Release|Any CPU.Build.0 = Release|Any CPU
	EndGlobalSection
	GlobalSection(SolutionProperties) = preSolution
		HideSolutionNode = FALSE
	EndGlobalSection
	GlobalSection(ExtensibilityGlobals) = postSolution
		SolutionGuid = {BD4AAAAB-A5A6-4209-8289-93951DD987A5}
	EndGlobalSection
EndGlobal
